
Microsoft Visual Studio Solution File, Format Version 12.00
# Visual Studio Version 17
VisualStudioVersion = 17.9.34622.214
MinimumVisualStudioVersion = 10.0.40219.1
Project("{FAE04EC0-301F-11D3-BF4B-00C04F79EFBC}") = "AzureAventure6-ServiceBus", "AzureAventure6-ServiceBus\AzureAventure6-ServiceBus.csproj", "{A6C39A2D-7D3F-4F0E-A99A-C1FD0C2845F3}"
EndProject
Global
	GlobalSection(SolutionConfigurationPlatforms) = preSolution
		Debug|Any CPU = Debug|Any CPU
		Release|Any CPU = Release|Any CPU
	EndGlobalSection
	GlobalSection(ProjectConfigurationPlatforms) = postSolution
		{A6C39A2D-7D3F-4F0E-A99A-C1FD0C2845F3}.Debug|Any CPU.ActiveCfg = Debug|Any CPU
		{A6C39A2D-7D3F-4F0E-A99A-C1FD0C2845F3}.Debug|Any CPU.Build.0 = Debug|Any CPU
		{A6C39A2D-7D3F-4F0E-A99A-C1FD0C2845F3}.Release|Any CPU.ActiveCfg = Release|Any CPU
		{A6C39A2D-7D3F-4F0E-A99A-C1FD0C2845F3}.Release|Any CPU.Build.0 = Release|Any CPU
	EndGlobalSection
	GlobalSection(SolutionProperties) = preSolution
		HideSolutionNode = FALSE
	EndGlobalSection
	GlobalSection(ExtensibilityGlobals) = postSolution
		SolutionGuid = {81AB68BD-A20A-49E1-8BA7-CB442477D581}
	EndGlobalSection
EndGlobal
